// !$*UTF8*$!
{
	archiveVersion = 1;
	classes = {
	};
	objectVersion = 50;
	objects = {

/* Begin PBXBuildFile section */
		B011FC6624582C58004B2CA9 /* Model.xcdatamodeld in Sources */ = {isa = PBXBuildFile; fileRef = B011FC6424582C57004B2CA9 /* Model.xcdatamodeld */; };
		B011FC71245831C2004B2CA9 /* CoreData.framework in Frameworks */ = {isa = PBXBuildFile; fileRef = B011FC70245831C1004B2CA9 /* CoreData.framework */; };
		B011FC7324583E69004B2CA9 /* FormulaOneDriversViewModel.swift in Sources */ = {isa = PBXBuildFile; fileRef = B011FC7224583E69004B2CA9 /* FormulaOneDriversViewModel.swift */; };
		B011FC7524585965004B2CA9 /* FormulaOneDriverViewModel.swift in Sources */ = {isa = PBXBuildFile; fileRef = B011FC7424585965004B2CA9 /* FormulaOneDriverViewModel.swift */; };
		B01285FB2461A3FE004FB1DE /* KeyboardResponsive.swift in Sources */ = {isa = PBXBuildFile; fileRef = B01285FA2461A3FE004FB1DE /* KeyboardResponsive.swift */; };
		B0C3EFFE2449E4230023B4E2 /* AppDelegate.swift in Sources */ = {isa = PBXBuildFile; fileRef = B0C3EFFD2449E4230023B4E2 /* AppDelegate.swift */; };
		B0C3F0002449E4230023B4E2 /* SceneDelegate.swift in Sources */ = {isa = PBXBuildFile; fileRef = B0C3EFFF2449E4230023B4E2 /* SceneDelegate.swift */; };
		B0C3F0022449E4230023B4E2 /* ContentView.swift in Sources */ = {isa = PBXBuildFile; fileRef = B0C3F0012449E4230023B4E2 /* ContentView.swift */; };
		B0C3F0042449E4250023B4E2 /* Assets.xcassets in Resources */ = {isa = PBXBuildFile; fileRef = B0C3F0032449E4250023B4E2 /* Assets.xcassets */; };
		B0C3F0072449E4250023B4E2 /* Preview Assets.xcassets in Resources */ = {isa = PBXBuildFile; fileRef = B0C3F0062449E4250023B4E2 /* Preview Assets.xcassets */; };
		B0C3F00A2449E4250023B4E2 /* LaunchScreen.storyboard in Resources */ = {isa = PBXBuildFile; fileRef = B0C3F0082449E4250023B4E2 /* LaunchScreen.storyboard */; };
		B0C3F0152449E4250023B4E2 /* FavouriteThingsTests.swift in Sources */ = {isa = PBXBuildFile; fileRef = B0C3F0142449E4250023B4E2 /* FavouriteThingsTests.swift */; };
		B0C3F0202449E4250023B4E2 /* FavouriteThingsUITests.swift in Sources */ = {isa = PBXBuildFile; fileRef = B0C3F01F2449E4250023B4E2 /* FavouriteThingsUITests.swift */; };
		B0C3F0342449E8CA0023B4E2 /* MasterView.swift in Sources */ = {isa = PBXBuildFile; fileRef = B0C3F0332449E8CA0023B4E2 /* MasterView.swift */; };
		B0C3F0362449E8E30023B4E2 /* DetailView.swift in Sources */ = {isa = PBXBuildFile; fileRef = B0C3F0352449E8E30023B4E2 /* DetailView.swift */; };
		B0C3F0382449E8EC0023B4E2 /* RowView.swift in Sources */ = {isa = PBXBuildFile; fileRef = B0C3F0372449E8EC0023B4E2 /* RowView.swift */; };
/* End PBXBuildFile section */

/* Begin PBXContainerItemProxy section */
		B0C3F0112449E4250023B4E2 /* PBXContainerItemProxy */ = {
			isa = PBXContainerItemProxy;
			containerPortal = B0C3EFF22449E4230023B4E2 /* Project object */;
			proxyType = 1;
			remoteGlobalIDString = B0C3EFF92449E4230023B4E2;
			remoteInfo = FavouriteThings;
		};
		B0C3F01C2449E4250023B4E2 /* PBXContainerItemProxy */ = {
			isa = PBXContainerItemProxy;
			containerPortal = B0C3EFF22449E4230023B4E2 /* Project object */;
			proxyType = 1;
			remoteGlobalIDString = B0C3EFF92449E4230023B4E2;
			remoteInfo = FavouriteThings;
		};
/* End PBXContainerItemProxy section */

/* Begin PBXFileReference section */
		B011FC6524582C57004B2CA9 /* Model.xcdatamodel */ = {isa = PBXFileReference; lastKnownFileType = wrapper.xcdatamodel; path = Model.xcdatamodel; sourceTree = "<group>"; };
		B011FC70245831C1004B2CA9 /* CoreData.framework */ = {isa = PBXFileReference; lastKnownFileType = wrapper.framework; name = CoreData.framework; path = System/Library/Frameworks/CoreData.framework; sourceTree = SDKROOT; };
		B011FC7224583E69004B2CA9 /* FormulaOneDriversViewModel.swift */ = {isa = PBXFileReference; lastKnownFileType = sourcecode.swift; path = FormulaOneDriversViewModel.swift; sourceTree = "<group>"; };
		B011FC7424585965004B2CA9 /* FormulaOneDriverViewModel.swift */ = {isa = PBXFileReference; lastKnownFileType = sourcecode.swift; path = FormulaOneDriverViewModel.swift; sourceTree = "<group>"; };
		B01285FA2461A3FE004FB1DE /* KeyboardResponsive.swift */ = {isa = PBXFileReference; lastKnownFileType = sourcecode.swift; path = KeyboardResponsive.swift; sourceTree = "<group>"; };
		B045A5EE24586F6700A8F7BD /* FormulaOneDriver+CoreDataClass.swift */ = {isa = PBXFileReference; lastKnownFileType = sourcecode.swift; path = "FormulaOneDriver+CoreDataClass.swift"; sourceTree = "<group>"; };
		B045A5EF24586F6700A8F7BD /* FormulaOneDriver+CoreDataProperties.swift */ = {isa = PBXFileReference; lastKnownFileType = sourcecode.swift; path = "FormulaOneDriver+CoreDataProperties.swift"; sourceTree = "<group>"; };
		B045A5F024586F6700A8F7BD /* FormulaOneDrivers+CoreDataClass.swift */ = {isa = PBXFileReference; lastKnownFileType = sourcecode.swift; path = "FormulaOneDrivers+CoreDataClass.swift"; sourceTree = "<group>"; };
		B045A5F124586F6700A8F7BD /* FormulaOneDrivers+CoreDataProperties.swift */ = {isa = PBXFileReference; lastKnownFileType = sourcecode.swift; path = "FormulaOneDrivers+CoreDataProperties.swift"; sourceTree = "<group>"; };
		B0C3EFFA2449E4230023B4E2 /* FavouriteThings.app */ = {isa = PBXFileReference; explicitFileType = wrapper.application; includeInIndex = 0; path = FavouriteThings.app; sourceTree = BUILT_PRODUCTS_DIR; };
		B0C3EFFD2449E4230023B4E2 /* AppDelegate.swift */ = {isa = PBXFileReference; lastKnownFileType = sourcecode.swift; path = AppDelegate.swift; sourceTree = "<group>"; };
		B0C3EFFF2449E4230023B4E2 /* SceneDelegate.swift */ = {isa = PBXFileReference; lastKnownFileType = sourcecode.swift; path = SceneDelegate.swift; sourceTree = "<group>"; };
		B0C3F0012449E4230023B4E2 /* ContentView.swift */ = {isa = PBXFileReference; lastKnownFileType = sourcecode.swift; path = ContentView.swift; sourceTree = "<group>"; };
		B0C3F0032449E4250023B4E2 /* Assets.xcassets */ = {isa = PBXFileReference; lastKnownFileType = folder.assetcatalog; path = Assets.xcassets; sourceTree = "<group>"; };
		B0C3F0062449E4250023B4E2 /* Preview Assets.xcassets */ = {isa = PBXFileReference; lastKnownFileType = folder.assetcatalog; path = "Preview Assets.xcassets"; sourceTree = "<group>"; };
		B0C3F0092449E4250023B4E2 /* Base */ = {isa = PBXFileReference; lastKnownFileType = file.storyboard; name = Base; path = Base.lproj/LaunchScreen.storyboard; sourceTree = "<group>"; };
		B0C3F00B2449E4250023B4E2 /* Info.plist */ = {isa = PBXFileReference; lastKnownFileType = text.plist.xml; path = Info.plist; sourceTree = "<group>"; };
		B0C3F0102449E4250023B4E2 /* FavouriteThingsTests.xctest */ = {isa = PBXFileReference; explicitFileType = wrapper.cfbundle; includeInIndex = 0; path = FavouriteThingsTests.xctest; sourceTree = BUILT_PRODUCTS_DIR; };
		B0C3F0142449E4250023B4E2 /* FavouriteThingsTests.swift */ = {isa = PBXFileReference; lastKnownFileType = sourcecode.swift; path = FavouriteThingsTests.swift; sourceTree = "<group>"; };
		B0C3F0162449E4250023B4E2 /* Info.plist */ = {isa = PBXFileReference; lastKnownFileType = text.plist.xml; path = Info.plist; sourceTree = "<group>"; };
		B0C3F01B2449E4250023B4E2 /* FavouriteThingsUITests.xctest */ = {isa = PBXFileReference; explicitFileType = wrapper.cfbundle; includeInIndex = 0; path = FavouriteThingsUITests.xctest; sourceTree = BUILT_PRODUCTS_DIR; };
		B0C3F01F2449E4250023B4E2 /* FavouriteThingsUITests.swift */ = {isa = PBXFileReference; lastKnownFileType = sourcecode.swift; path = FavouriteThingsUITests.swift; sourceTree = "<group>"; };
		B0C3F0212449E4250023B4E2 /* Info.plist */ = {isa = PBXFileReference; lastKnownFileType = text.plist.xml; path = Info.plist; sourceTree = "<group>"; };
		B0C3F0332449E8CA0023B4E2 /* MasterView.swift */ = {isa = PBXFileReference; lastKnownFileType = sourcecode.swift; path = MasterView.swift; sourceTree = "<group>"; };
		B0C3F0352449E8E30023B4E2 /* DetailView.swift */ = {isa = PBXFileReference; lastKnownFileType = sourcecode.swift; path = DetailView.swift; sourceTree = "<group>"; };
		B0C3F0372449E8EC0023B4E2 /* RowView.swift */ = {isa = PBXFileReference; lastKnownFileType = sourcecode.swift; path = RowView.swift; sourceTree = "<group>"; };
/* End PBXFileReference section */

/* Begin PBXFrameworksBuildPhase section */
		B0C3EFF72449E4230023B4E2 /* Frameworks */ = {
			isa = PBXFrameworksBuildPhase;
			buildActionMask = 2147483647;
			files = (
				B011FC71245831C2004B2CA9 /* CoreData.framework in Frameworks */,
			);
			runOnlyForDeploymentPostprocessing = 0;
		};
		B0C3F00D2449E4250023B4E2 /* Frameworks */ = {
			isa = PBXFrameworksBuildPhase;
			buildActionMask = 2147483647;
			files = (
			);
			runOnlyForDeploymentPostprocessing = 0;
		};
		B0C3F0182449E4250023B4E2 /* Frameworks */ = {
			isa = PBXFrameworksBuildPhase;
			buildActionMask = 2147483647;
			files = (
			);
			runOnlyForDeploymentPostprocessing = 0;
		};
/* End PBXFrameworksBuildPhase section */

/* Begin PBXGroup section */
		B011FC6F245831C1004B2CA9 /* Frameworks */ = {
			isa = PBXGroup;
			children = (
				B011FC70245831C1004B2CA9 /* CoreData.framework */,
			);
			name = Frameworks;
			sourceTree = "<group>";
		};
		B01285FC2461A405004FB1DE /* Extensions */ = {
			isa = PBXGroup;
			children = (
				B01285FA2461A3FE004FB1DE /* KeyboardResponsive.swift */,
			);
			path = Extensions;
			sourceTree = "<group>";
		};
		B0150988244FB22100C49884 /* ViewModel */ = {
			isa = PBXGroup;
			children = (
				B011FC7224583E69004B2CA9 /* FormulaOneDriversViewModel.swift */,
				B011FC7424585965004B2CA9 /* FormulaOneDriverViewModel.swift */,
			);
			path = ViewModel;
			sourceTree = "<group>";
		};
		B0C3EFF12449E4230023B4E2 = {
			isa = PBXGroup;
			children = (
				B045A5EE24586F6700A8F7BD /* FormulaOneDriver+CoreDataClass.swift */,
				B045A5EF24586F6700A8F7BD /* FormulaOneDriver+CoreDataProperties.swift */,
				B045A5F024586F6700A8F7BD /* FormulaOneDrivers+CoreDataClass.swift */,
				B045A5F124586F6700A8F7BD /* FormulaOneDrivers+CoreDataProperties.swift */,
				B0C3EFFC2449E4230023B4E2 /* FavouriteThings */,
				B0C3F0132449E4250023B4E2 /* FavouriteThingsTests */,
				B0C3F01E2449E4250023B4E2 /* FavouriteThingsUITests */,
				B0C3EFFB2449E4230023B4E2 /* Products */,
				B011FC6F245831C1004B2CA9 /* Frameworks */,
			);
			sourceTree = "<group>";
		};
		B0C3EFFB2449E4230023B4E2 /* Products */ = {
			isa = PBXGroup;
			children = (
				B0C3EFFA2449E4230023B4E2 /* FavouriteThings.app */,
				B0C3F0102449E4250023B4E2 /* FavouriteThingsTests.xctest */,
				B0C3F01B2449E4250023B4E2 /* FavouriteThingsUITests.xctest */,
			);
			name = Products;
			sourceTree = "<group>";
		};
		B0C3EFFC2449E4230023B4E2 /* FavouriteThings */ = {
			isa = PBXGroup;
			children = (
				B01285FC2461A405004FB1DE /* Extensions */,
				B0150988244FB22100C49884 /* ViewModel */,
				B0C3F02E2449E7410023B4E2 /* View */,
				B0C3EFFD2449E4230023B4E2 /* AppDelegate.swift */,
				B0C3EFFF2449E4230023B4E2 /* SceneDelegate.swift */,
				B0C3F0032449E4250023B4E2 /* Assets.xcassets */,
				B0C3F0082449E4250023B4E2 /* LaunchScreen.storyboard */,
				B0C3F00B2449E4250023B4E2 /* Info.plist */,
				B0C3F0052449E4250023B4E2 /* Preview Content */,
				B011FC6424582C57004B2CA9 /* Model.xcdatamodeld */,
			);
			path = FavouriteThings;
			sourceTree = "<group>";
		};
		B0C3F0052449E4250023B4E2 /* Preview Content */ = {
			isa = PBXGroup;
			children = (
				B0C3F0062449E4250023B4E2 /* Preview Assets.xcassets */,
			);
			path = "Preview Content";
			sourceTree = "<group>";
		};
		B0C3F0132449E4250023B4E2 /* FavouriteThingsTests */ = {
			isa = PBXGroup;
			children = (
				B0C3F0142449E4250023B4E2 /* FavouriteThingsTests.swift */,
				B0C3F0162449E4250023B4E2 /* Info.plist */,
			);
			path = FavouriteThingsTests;
			sourceTree = "<group>";
		};
		B0C3F01E2449E4250023B4E2 /* FavouriteThingsUITests */ = {
			isa = PBXGroup;
			children = (
				B0C3F01F2449E4250023B4E2 /* FavouriteThingsUITests.swift */,
				B0C3F0212449E4250023B4E2 /* Info.plist */,
			);
			path = FavouriteThingsUITests;
			sourceTree = "<group>";
		};
		B0C3F02E2449E7410023B4E2 /* View */ = {
			isa = PBXGroup;
			children = (
				B0C3F0012449E4230023B4E2 /* ContentView.swift */,
				B0C3F0332449E8CA0023B4E2 /* MasterView.swift */,
				B0C3F0352449E8E30023B4E2 /* DetailView.swift */,
				B0C3F0372449E8EC0023B4E2 /* RowView.swift */,
			);
			path = View;
			sourceTree = "<group>";
		};
/* End PBXGroup section */

/* Begin PBXNativeTarget section */
		B0C3EFF92449E4230023B4E2 /* FavouriteThings */ = {
			isa = PBXNativeTarget;
			buildConfigurationList = B0C3F0242449E4250023B4E2 /* Build configuration list for PBXNativeTarget "FavouriteThings" */;
			buildPhases = (
				B0C3EFF62449E4230023B4E2 /* Sources */,
				B0C3EFF72449E4230023B4E2 /* Frameworks */,
				B0C3EFF82449E4230023B4E2 /* Resources */,
			);
			buildRules = (
			);
			dependencies = (
			);
			name = FavouriteThings;
			productName = FavouriteThings;
			productReference = B0C3EFFA2449E4230023B4E2 /* FavouriteThings.app */;
			productType = "com.apple.product-type.application";
		};
		B0C3F00F2449E4250023B4E2 /* FavouriteThingsTests */ = {
			isa = PBXNativeTarget;
			buildConfigurationList = B0C3F0272449E4250023B4E2 /* Build configuration list for PBXNativeTarget "FavouriteThingsTests" */;
			buildPhases = (
				B0C3F00C2449E4250023B4E2 /* Sources */,
				B0C3F00D2449E4250023B4E2 /* Frameworks */,
				B0C3F00E2449E4250023B4E2 /* Resources */,
			);
			buildRules = (
			);
			dependencies = (
				B0C3F0122449E4250023B4E2 /* PBXTargetDependency */,
			);
			name = FavouriteThingsTests;
			productName = FavouriteThingsTests;
			productReference = B0C3F0102449E4250023B4E2 /* FavouriteThingsTests.xctest */;
			productType = "com.apple.product-type.bundle.unit-test";
		};
		B0C3F01A2449E4250023B4E2 /* FavouriteThingsUITests */ = {
			isa = PBXNativeTarget;
			buildConfigurationList = B0C3F02A2449E4250023B4E2 /* Build configuration list for PBXNativeTarget "FavouriteThingsUITests" */;
			buildPhases = (
				B0C3F0172449E4250023B4E2 /* Sources */,
				B0C3F0182449E4250023B4E2 /* Frameworks */,
				B0C3F0192449E4250023B4E2 /* Resources */,
			);
			buildRules = (
			);
			dependencies = (
				B0C3F01D2449E4250023B4E2 /* PBXTargetDependency */,
			);
			name = FavouriteThingsUITests;
			productName = FavouriteThingsUITests;
			productReference = B0C3F01B2449E4250023B4E2 /* FavouriteThingsUITests.xctest */;
			productType = "com.apple.product-type.bundle.ui-testing";
		};
/* End PBXNativeTarget section */

/* Begin PBXProject section */
		B0C3EFF22449E4230023B4E2 /* Project object */ = {
			isa = PBXProject;
			attributes = {
				LastSwiftUpdateCheck = 1140;
				LastUpgradeCheck = 1140;
				ORGANIZATIONNAME = "Jake Attard";
				TargetAttributes = {
					B0C3EFF92449E4230023B4E2 = {
						CreatedOnToolsVersion = 11.4.1;
					};
					B0C3F00F2449E4250023B4E2 = {
						CreatedOnToolsVersion = 11.4.1;
						TestTargetID = B0C3EFF92449E4230023B4E2;
					};
					B0C3F01A2449E4250023B4E2 = {
						CreatedOnToolsVersion = 11.4.1;
						TestTargetID = B0C3EFF92449E4230023B4E2;
					};
				};
			};
			buildConfigurationList = B0C3EFF52449E4230023B4E2 /* Build configuration list for PBXProject "FavouriteThings" */;
			compatibilityVersion = "Xcode 9.3";
			developmentRegion = en;
			hasScannedForEncodings = 0;
			knownRegions = (
				en,
				Base,
			);
			mainGroup = B0C3EFF12449E4230023B4E2;
			productRefGroup = B0C3EFFB2449E4230023B4E2 /* Products */;
			projectDirPath = "";
			projectRoot = "";
			targets = (
				B0C3EFF92449E4230023B4E2 /* FavouriteThings */,
				B0C3F00F2449E4250023B4E2 /* FavouriteThingsTests */,
				B0C3F01A2449E4250023B4E2 /* FavouriteThingsUITests */,
			);
		};
/* End PBXProject section */

/* Begin PBXResourcesBuildPhase section */
		B0C3EFF82449E4230023B4E2 /* Resources */ = {
			isa = PBXResourcesBuildPhase;
			buildActionMask = 2147483647;
			files = (
				B0C3F00A2449E4250023B4E2 /* LaunchScreen.storyboard in Resources */,
				B0C3F0072449E4250023B4E2 /* Preview Assets.xcassets in Resources */,
				B0C3F0042449E4250023B4E2 /* Assets.xcassets in Resources */,
			);
			runOnlyForDeploymentPostprocessing = 0;
		};
		B0C3F00E2449E4250023B4E2 /* Resources */ = {
			isa = PBXResourcesBuildPhase;
			buildActionMask = 2147483647;
			files = (
			);
			runOnlyForDeploymentPostprocessing = 0;
		};
		B0C3F0192449E4250023B4E2 /* Resources */ = {
			isa = PBXResourcesBuildPhase;
			buildActionMask = 2147483647;
			files = (
			);
			runOnlyForDeploymentPostprocessing = 0;
		};
/* End PBXResourcesBuildPhase section */

/* Begin PBXSourcesBuildPhase section */
		B0C3EFF62449E4230023B4E2 /* Sources */ = {
			isa = PBXSourcesBuildPhase;
			buildActionMask = 2147483647;
			files = (
				B0C3F0342449E8CA0023B4E2 /* MasterView.swift in Sources */,
				B0C3EFFE2449E4230023B4E2 /* AppDelegate.swift in Sources */,
				B0C3F0382449E8EC0023B4E2 /* RowView.swift in Sources */,
				B0C3F0362449E8E30023B4E2 /* DetailView.swift in Sources */,
				B011FC7524585965004B2CA9 /* FormulaOneDriverViewModel.swift in Sources */,
				B011FC6624582C58004B2CA9 /* Model.xcdatamodeld in Sources */,
				B01285FB2461A3FE004FB1DE /* KeyboardResponsive.swift in Sources */,
				B011FC7324583E69004B2CA9 /* FormulaOneDriversViewModel.swift in Sources */,
				B0C3F0002449E4230023B4E2 /* SceneDelegate.swift in Sources */,
				B0C3F0022449E4230023B4E2 /* ContentView.swift in Sources */,
			);
			runOnlyForDeploymentPostprocessing = 0;
		};
		B0C3F00C2449E4250023B4E2 /* Sources */ = {
			isa = PBXSourcesBuildPhase;
			buildActionMask = 2147483647;
			files = (
				B0C3F0152449E4250023B4E2 /* FavouriteThingsTests.swift in Sources */,
			);
			runOnlyForDeploymentPostprocessing = 0;
		};
		B0C3F0172449E4250023B4E2 /* Sources */ = {
			isa = PBXSourcesBuildPhase;
			buildActionMask = 2147483647;
			files = (
				B0C3F0202449E4250023B4E2 /* FavouriteThingsUITests.swift in Sources */,
			);
			runOnlyForDeploymentPostprocessing = 0;
		};
/* End PBXSourcesBuildPhase section */

/* Begin PBXTargetDependency section */
		B0C3F0122449E4250023B4E2 /* PBXTargetDependency */ = {
			isa = PBXTargetDependency;
			target = B0C3EFF92449E4230023B4E2 /* FavouriteThings */;
			targetProxy = B0C3F0112449E4250023B4E2 /* PBXContainerItemProxy */;
		};
		B0C3F01D2449E4250023B4E2 /* PBXTargetDependency */ = {
			isa = PBXTargetDependency;
			target = B0C3EFF92449E4230023B4E2 /* FavouriteThings */;
			targetProxy = B0C3F01C2449E4250023B4E2 /* PBXContainerItemProxy */;
		};
/* End PBXTargetDependency section */

/* Begin PBXVariantGroup section */
		B0C3F0082449E4250023B4E2 /* LaunchScreen.storyboard */ = {
			isa = PBXVariantGroup;
			children = (
				B0C3F0092449E4250023B4E2 /* Base */,
			);
			name = LaunchScreen.storyboard;
			sourceTree = "<group>";
		};
/* End PBXVariantGroup section */

/* Begin XCBuildConfiguration section */
		B0C3F0222449E4250023B4E2 /* Debug */ = {
			isa = XCBuildConfiguration;
			buildSettings = {
				ALWAYS_SEARCH_USER_PATHS = NO;
				CLANG_ANALYZER_NONNULL = YES;
				CLANG_ANALYZER_NUMBER_OBJECT_CONVERSION = YES_AGGRESSIVE;
				CLANG_CXX_LANGUAGE_STANDARD = "gnu++14";
				CLANG_CXX_LIBRARY = "libc++";
				CLANG_ENABLE_MODULES = YES;
				CLANG_ENABLE_OBJC_ARC = YES;
				CLANG_ENABLE_OBJC_WEAK = YES;
				CLANG_WARN_BLOCK_CAPTURE_AUTORELEASING = YES;
				CLANG_WARN_BOOL_CONVERSION = YES;
				CLANG_WARN_COMMA = YES;
				CLANG_WARN_CONSTANT_CONVERSION = YES;
				CLANG_WARN_DEPRECATED_OBJC_IMPLEMENTATIONS = YES;
				CLANG_WARN_DIRECT_OBJC_ISA_USAGE = YES_ERROR;
				CLANG_WARN_DOCUMENTATION_COMMENTS = YES;
				CLANG_WARN_EMPTY_BODY = YES;
				CLANG_WARN_ENUM_CONVERSION = YES;
				CLANG_WARN_INFINITE_RECURSION = YES;
				CLANG_WARN_INT_CONVERSION = YES;
				CLANG_WARN_NON_LITERAL_NULL_CONVERSION = YES;
				CLANG_WARN_OBJC_IMPLICIT_RETAIN_SELF = YES;
				CLANG_WARN_OBJC_LITERAL_CONVERSION = YES;
				CLANG_WARN_OBJC_ROOT_CLASS = YES_ERROR;
				CLANG_WARN_RANGE_LOOP_ANALYSIS = YES;
				CLANG_WARN_STRICT_PROTOTYPES = YES;
				CLANG_WARN_SUSPICIOUS_MOVE = YES;
				CLANG_WARN_UNGUARDED_AVAILABILITY = YES_AGGRESSIVE;
				CLANG_WARN_UNREACHABLE_CODE = YES;
				CLANG_WARN__DUPLICATE_METHOD_MATCH = YES;
				COPY_PHASE_STRIP = NO;
				DEBUG_INFORMATION_FORMAT = dwarf;
				ENABLE_STRICT_OBJC_MSGSEND = YES;
				ENABLE_TESTABILITY = YES;
				GCC_C_LANGUAGE_STANDARD = gnu11;
				GCC_DYNAMIC_NO_PIC = NO;
				GCC_NO_COMMON_BLOCKS = YES;
				GCC_OPTIMIZATION_LEVEL = 0;
				GCC_PREPROCESSOR_DEFINITIONS = (
					"DEBUG=1",
					"$(inherited)",
				);
				GCC_WARN_64_TO_32_BIT_CONVERSION = YES;
				GCC_WARN_ABOUT_RETURN_TYPE = YES_ERROR;
				GCC_WARN_UNDECLARED_SELECTOR = YES;
				GCC_WARN_UNINITIALIZED_AUTOS = YES_AGGRESSIVE;
				GCC_WARN_UNUSED_FUNCTION = YES;
				GCC_WARN_UNUSED_VARIABLE = YES;
				IPHONEOS_DEPLOYMENT_TARGET = 13.4;
				MTL_ENABLE_DEBUG_INFO = INCLUDE_SOURCE;
				MTL_FAST_MATH = YES;
				ONLY_ACTIVE_ARCH = YES;
				SDKROOT = iphoneos;
				SWIFT_ACTIVE_COMPILATION_CONDITIONS = DEBUG;
				SWIFT_OPTIMIZATION_LEVEL = "-Onone";
			};
			name = Debug;
		};
		B0C3F0232449E4250023B4E2 /* Release */ = {
			isa = XCBuildConfiguration;
			buildSettings = {
				ALWAYS_SEARCH_USER_PATHS = NO;
				CLANG_ANALYZER_NONNULL = YES;
				CLANG_ANALYZER_NUMBER_OBJECT_CONVERSION = YES_AGGRESSIVE;
				CLANG_CXX_LANGUAGE_STANDARD = "gnu++14";
				CLANG_CXX_LIBRARY = "libc++";
				CLANG_ENABLE_MODULES = YES;
				CLANG_ENABLE_OBJC_ARC = YES;
				CLANG_ENABLE_OBJC_WEAK = YES;
				CLANG_WARN_BLOCK_CAPTURE_AUTORELEASING = YES;
				CLANG_WARN_BOOL_CONVERSION = YES;
				CLANG_WARN_COMMA = YES;
				CLANG_WARN_CONSTANT_CONVERSION = YES;
				CLANG_WARN_DEPRECATED_OBJC_IMPLEMENTATIONS = YES;
				CLANG_WARN_DIRECT_OBJC_ISA_USAGE = YES_ERROR;
				CLANG_WARN_DOCUMENTATION_COMMENTS = YES;
				CLANG_WARN_EMPTY_BODY = YES;
				CLANG_WARN_ENUM_CONVERSION = YES;
				CLANG_WARN_INFINITE_RECURSION = YES;
				CLANG_WARN_INT_CONVERSION = YES;
				CLANG_WARN_NON_LITERAL_NULL_CONVERSION = YES;
				CLANG_WARN_OBJC_IMPLICIT_RETAIN_SELF = YES;
				CLANG_WARN_OBJC_LITERAL_CONVERSION = YES;
				CLANG_WARN_OBJC_ROOT_CLASS = YES_ERROR;
				CLANG_WARN_RANGE_LOOP_ANALYSIS = YES;
				CLANG_WARN_STRICT_PROTOTYPES = YES;
				CLANG_WARN_SUSPICIOUS_MOVE = YES;
				CLANG_WARN_UNGUARDED_AVAILABILITY = YES_AGGRESSIVE;
				CLANG_WARN_UNREACHABLE_CODE = YES;
				CLANG_WARN__DUPLICATE_METHOD_MATCH = YES;
				COPY_PHASE_STRIP = NO;
				DEBUG_INFORMATION_FORMAT = "dwarf-with-dsym";
				ENABLE_NS_ASSERTIONS = NO;
				ENABLE_STRICT_OBJC_MSGSEND = YES;
				GCC_C_LANGUAGE_STANDARD = gnu11;
				GCC_NO_COMMON_BLOCKS = YES;
				GCC_WARN_64_TO_32_BIT_CONVERSION = YES;
				GCC_WARN_ABOUT_RETURN_TYPE = YES_ERROR;
				GCC_WARN_UNDECLARED_SELECTOR = YES;
				GCC_WARN_UNINITIALIZED_AUTOS = YES_AGGRESSIVE;
				GCC_WARN_UNUSED_FUNCTION = YES;
				GCC_WARN_UNUSED_VARIABLE = YES;
				IPHONEOS_DEPLOYMENT_TARGET = 13.4;
				MTL_ENABLE_DEBUG_INFO = NO;
				MTL_FAST_MATH = YES;
				SDKROOT = iphoneos;
				SWIFT_COMPILATION_MODE = wholemodule;
				SWIFT_OPTIMIZATION_LEVEL = "-O";
				VALIDATE_PRODUCT = YES;
			};
			name = Release;
		};
		B0C3F0252449E4250023B4E2 /* Debug */ = {
			isa = XCBuildConfiguration;
			buildSettings = {
				ASSETCATALOG_COMPILER_APPICON_NAME = AppIcon;
				CODE_SIGN_STYLE = Automatic;
				DEVELOPMENT_ASSET_PATHS = "\"FavouriteThings/Preview Content\"";
				ENABLE_PREVIEWS = YES;
				INFOPLIST_FILE = FavouriteThings/Info.plist;
				LD_RUNPATH_SEARCH_PATHS = (
					"$(inherited)",
					"@executable_path/Frameworks",
				);
				PRODUCT_BUNDLE_IDENTIFIER = com.JakeAttard.FavouriteThings;
				PRODUCT_NAME = "$(TARGET_NAME)";
				SWIFT_VERSION = 5.0;
				TARGETED_DEVICE_FAMILY = "1,2";
			};
			name = Debug;
		};
		B0C3F0262449E4250023B4E2 /* Release */ = {
			isa = XCBuildConfiguration;
			buildSettings = {
				ASSETCATALOG_COMPILER_APPICON_NAME = AppIcon;
				CODE_SIGN_STYLE = Automatic;
				DEVELOPMENT_ASSET_PATHS = "\"FavouriteThings/Preview Content\"";
				ENABLE_PREVIEWS = YES;
				INFOPLIST_FILE = FavouriteThings/Info.plist;
				LD_RUNPATH_SEARCH_PATHS = (
					"$(inherited)",
					"@executable_path/Frameworks",
				);
				PRODUCT_BUNDLE_IDENTIFIER = com.JakeAttard.FavouriteThings;
				PRODUCT_NAME = "$(TARGET_NAME)";
				SWIFT_VERSION = 5.0;
				TARGETED_DEVICE_FAMILY = "1,2";
			};
			name = Release;
		};
		B0C3F0282449E4250023B4E2 /* Debug */ = {
			isa = XCBuildConfiguration;
			buildSettings = {
				ALWAYS_EMBED_SWIFT_STANDARD_LIBRARIES = YES;
				BUNDLE_LOADER = "$(TEST_HOST)";
				CODE_SIGN_STYLE = Automatic;
				INFOPLIST_FILE = FavouriteThingsTests/Info.plist;
				IPHONEOS_DEPLOYMENT_TARGET = 13.4;
				LD_RUNPATH_SEARCH_PATHS = (
					"$(inherited)",
					"@executable_path/Frameworks",
					"@loader_path/Frameworks",
				);
				PRODUCT_BUNDLE_IDENTIFIER = com.JakeAttard.FavouriteThingsTests;
				PRODUCT_NAME = "$(TARGET_NAME)";
				SWIFT_VERSION = 5.0;
				TARGETED_DEVICE_FAMILY = "1,2";
				TEST_HOST = "$(BUILT_PRODUCTS_DIR)/FavouriteThings.app/FavouriteThings";
			};
			name = Debug;
		};
		B0C3F0292449E4250023B4E2 /* Release */ = {
			isa = XCBuildConfiguration;
			buildSettings = {
				ALWAYS_EMBED_SWIFT_STANDARD_LIBRARIES = YES;
				BUNDLE_LOADER = "$(TEST_HOST)";
				CODE_SIGN_STYLE = Automatic;
				INFOPLIST_FILE = FavouriteThingsTests/Info.plist;
				IPHONEOS_DEPLOYMENT_TARGET = 13.4;
				LD_RUNPATH_SEARCH_PATHS = (
					"$(inherited)",
					"@executable_path/Frameworks",
					"@loader_path/Frameworks",
				);
				PRODUCT_BUNDLE_IDENTIFIER = com.JakeAttard.FavouriteThingsTests;
				PRODUCT_NAME = "$(TARGET_NAME)";
				SWIFT_VERSION = 5.0;
				TARGETED_DEVICE_FAMILY = "1,2";
				TEST_HOST = "$(BUILT_PRODUCTS_DIR)/FavouriteThings.app/FavouriteThings";
			};
			name = Release;
		};
		B0C3F02B2449E4250023B4E2 /* Debug */ = {
			isa = XCBuildConfiguration;
			buildSettings = {
				ALWAYS_EMBED_SWIFT_STANDARD_LIBRARIES = YES;
				CODE_SIGN_STYLE = Automatic;
				INFOPLIST_FILE = FavouriteThingsUITests/Info.plist;
				LD_RUNPATH_SEARCH_PATHS = (
					"$(inherited)",
					"@executable_path/Frameworks",
					"@loader_path/Frameworks",
				);
				PRODUCT_BUNDLE_IDENTIFIER = com.JakeAttard.FavouriteThingsUITests;
				PRODUCT_NAME = "$(TARGET_NAME)";
				SWIFT_VERSION = 5.0;
				TARGETED_DEVICE_FAMILY = "1,2";
				TEST_TARGET_NAME = FavouriteThings;
			};
			name = Debug;
		};
		B0C3F02C2449E4250023B4E2 /* Release */ = {
			isa = XCBuildConfiguration;
			buildSettings = {
				ALWAYS_EMBED_SWIFT_STANDARD_LIBRARIES = YES;
				CODE_SIGN_STYLE = Automatic;
				INFOPLIST_FILE = FavouriteThingsUITests/Info.plist;
				LD_RUNPATH_SEARCH_PATHS = (
					"$(inherited)",
					"@executable_path/Frameworks",
					"@loader_path/Frameworks",
				);
				PRODUCT_BUNDLE_IDENTIFIER = com.JakeAttard.FavouriteThingsUITests;
				PRODUCT_NAME = "$(TARGET_NAME)";
				SWIFT_VERSION = 5.0;
				TARGETED_DEVICE_FAMILY = "1,2";
				TEST_TARGET_NAME = FavouriteThings;
			};
			name = Release;
		};
/* End XCBuildConfiguration section */

/* Begin XCConfigurationList section */
		B0C3EFF52449E4230023B4E2 /* Build configuration list for PBXProject "FavouriteThings" */ = {
			isa = XCConfigurationList;
			buildConfigurations = (
				B0C3F0222449E4250023B4E2 /* Debug */,
				B0C3F0232449E4250023B4E2 /* Release */,
			);
			defaultConfigurationIsVisible = 0;
			defaultConfigurationName = Release;
		};
		B0C3F0242449E4250023B4E2 /* Build configuration list for PBXNativeTarget "FavouriteThings" */ = {
			isa = XCConfigurationList;
			buildConfigurations = (
				B0C3F0252449E4250023B4E2 /* Debug */,
				B0C3F0262449E4250023B4E2 /* Release */,
			);
			defaultConfigurationIsVisible = 0;
			defaultConfigurationName = Release;
		};
		B0C3F0272449E4250023B4E2 /* Build configuration list for PBXNativeTarget "FavouriteThingsTests" */ = {
			isa = XCConfigurationList;
			buildConfigurations = (
				B0C3F0282449E4250023B4E2 /* Debug */,
				B0C3F0292449E4250023B4E2 /* Release */,
			);
			defaultConfigurationIsVisible = 0;
			defaultConfigurationName = Release;
		};
		B0C3F02A2449E4250023B4E2 /* Build configuration list for PBXNativeTarget "FavouriteThingsUITests" */ = {
			isa = XCConfigurationList;
			buildConfigurations = (
				B0C3F02B2449E4250023B4E2 /* Debug */,
				B0C3F02C2449E4250023B4E2 /* Release */,
			);
			defaultConfigurationIsVisible = 0;
			defaultConfigurationName = Release;
		};
/* End XCConfigurationList section */

/* Begin XCVersionGroup section */
		B011FC6424582C57004B2CA9 /* Model.xcdatamodeld */ = {
			isa = XCVersionGroup;
			children = (
				B011FC6524582C57004B2CA9 /* Model.xcdatamodel */,
			);
			currentVersion = B011FC6524582C57004B2CA9 /* Model.xcdatamodel */;
			path = Model.xcdatamodeld;
			sourceTree = "<group>";
			versionGroupType = wrapper.xcdatamodel;
		};
/* End XCVersionGroup section */
	};
	rootObject = B0C3EFF22449E4230023B4E2 /* Project object */;
}
